// !$*UTF8*$!
{
	archiveVersion = 1;
	classes = {
	};
	objectVersion = 56;
	objects = {

/* Begin PBXBuildFile section */
		9FDCCFE12BF5F8DD00DA4EF7 /* AppDelegate.swift in Sources */ = {isa = PBXBuildFile; fileRef = 9FDCCFE02BF5F8DD00DA4EF7 /* AppDelegate.swift */; };
		9FDCCFE32BF5F8DD00DA4EF7 /* SceneDelegate.swift in Sources */ = {isa = PBXBuildFile; fileRef = 9FDCCFE22BF5F8DD00DA4EF7 /* SceneDelegate.swift */; };
		9FDCCFEA2BF5F8DF00DA4EF7 /* Assets.xcassets in Resources */ = {isa = PBXBuildFile; fileRef = 9FDCCFE92BF5F8DF00DA4EF7 /* Assets.xcassets */; };
		9FDCCFED2BF5F8DF00DA4EF7 /* Base in Resources */ = {isa = PBXBuildFile; fileRef = 9FDCCFEC2BF5F8DF00DA4EF7 /* Base */; };
		9FEDA3CD2BF67446005BD612 /* Products.json in Resources */ = {isa = PBXBuildFile; fileRef = 9FEDA3CC2BF67446005BD612 /* Products.json */; };
		9FF945762BF5FAAA0067CC75 /* HomeView.swift in Sources */ = {isa = PBXBuildFile; fileRef = 9FF945752BF5FAAA0067CC75 /* HomeView.swift */; };
		9FF945782BF5FAB50067CC75 /* CartView.swift in Sources */ = {isa = PBXBuildFile; fileRef = 9FF945772BF5FAB50067CC75 /* CartView.swift */; };
		9FF9457A2BF5FAC10067CC75 /* MainTabBarViewController.swift in Sources */ = {isa = PBXBuildFile; fileRef = 9FF945792BF5FAC10067CC75 /* MainTabBarViewController.swift */; };
		D50D16C12BF868E900576777 /* BasketViewController.swift in Sources */ = {isa = PBXBuildFile; fileRef = D50D16C02BF868E900576777 /* BasketViewController.swift */; };
		D50D16C62BF880BD00576777 /* EmptyBasketView.swift in Sources */ = {isa = PBXBuildFile; fileRef = D50D16C52BF880BD00576777 /* EmptyBasketView.swift */; };
		D562A2922BF8670900341DF8 /* ProductDetailView.swift in Sources */ = {isa = PBXBuildFile; fileRef = D562A2912BF8670900341DF8 /* ProductDetailView.swift */; };
		D59185F22BF8861C00F1904E /* MainScreen.swift in Sources */ = {isa = PBXBuildFile; fileRef = D59185F12BF8861C00F1904E /* MainScreen.swift */; };
		D5A3423B2BF7925700E3D2F2 /* ProductModel.swift in Sources */ = {isa = PBXBuildFile; fileRef = D5A3423A2BF7925700E3D2F2 /* ProductModel.swift */; };
		D5A3423E2BF7927300E3D2F2 /* Task+sleep.swift in Sources */ = {isa = PBXBuildFile; fileRef = D5A3423D2BF7927300E3D2F2 /* Task+sleep.swift */; };
		D5A342432BF7929700E3D2F2 /* MockedNetworkService.swift in Sources */ = {isa = PBXBuildFile; fileRef = D5A342422BF7929700E3D2F2 /* MockedNetworkService.swift */; };
		D5A342452BF792A800E3D2F2 /* NetworkService.swift in Sources */ = {isa = PBXBuildFile; fileRef = D5A342442BF792A800E3D2F2 /* NetworkService.swift */; };
		D5A342472BF792B400E3D2F2 /* NetworkServiceProtocol.swift in Sources */ = {isa = PBXBuildFile; fileRef = D5A342462BF792B400E3D2F2 /* NetworkServiceProtocol.swift */; };
		D5A342492BF792C200E3D2F2 /* ProductsService.swift in Sources */ = {isa = PBXBuildFile; fileRef = D5A342482BF792C200E3D2F2 /* ProductsService.swift */; };
		D5A3424B2BF792CE00E3D2F2 /* ProductsServiceProtocol.swift in Sources */ = {isa = PBXBuildFile; fileRef = D5A3424A2BF792CE00E3D2F2 /* ProductsServiceProtocol.swift */; };
		D5A3424E2BF7932E00E3D2F2 /* Errors.swift in Sources */ = {isa = PBXBuildFile; fileRef = D5A3424D2BF7932E00E3D2F2 /* Errors.swift */; };
		D5F876952BF795AE00601B55 /* ProductCellView.swift in Sources */ = {isa = PBXBuildFile; fileRef = D5F876942BF795AE00601B55 /* ProductCellView.swift */; };
/* End PBXBuildFile section */

/* Begin PBXFileReference section */
		9FDCCFDD2BF5F8DD00DA4EF7 /* ArbuzKZ.app */ = {isa = PBXFileReference; explicitFileType = wrapper.application; includeInIndex = 0; path = ArbuzKZ.app; sourceTree = BUILT_PRODUCTS_DIR; };
		9FDCCFE02BF5F8DD00DA4EF7 /* AppDelegate.swift */ = {isa = PBXFileReference; lastKnownFileType = sourcecode.swift; path = AppDelegate.swift; sourceTree = "<group>"; };
		9FDCCFE22BF5F8DD00DA4EF7 /* SceneDelegate.swift */ = {isa = PBXFileReference; lastKnownFileType = sourcecode.swift; path = SceneDelegate.swift; sourceTree = "<group>"; };
		9FDCCFE92BF5F8DF00DA4EF7 /* Assets.xcassets */ = {isa = PBXFileReference; lastKnownFileType = folder.assetcatalog; path = Assets.xcassets; sourceTree = "<group>"; };
		9FDCCFEC2BF5F8DF00DA4EF7 /* Base */ = {isa = PBXFileReference; lastKnownFileType = file.storyboard; name = Base; path = Base.lproj/LaunchScreen.storyboard; sourceTree = "<group>"; };
		9FDCCFEE2BF5F8DF00DA4EF7 /* Info.plist */ = {isa = PBXFileReference; lastKnownFileType = text.plist.xml; path = Info.plist; sourceTree = "<group>"; };
		9FEDA3CC2BF67446005BD612 /* Products.json */ = {isa = PBXFileReference; fileEncoding = 4; lastKnownFileType = text.json; path = Products.json; sourceTree = "<group>"; };
		9FF945752BF5FAAA0067CC75 /* HomeView.swift */ = {isa = PBXFileReference; lastKnownFileType = sourcecode.swift; path = HomeView.swift; sourceTree = "<group>"; };
		9FF945772BF5FAB50067CC75 /* CartView.swift */ = {isa = PBXFileReference; lastKnownFileType = sourcecode.swift; path = CartView.swift; sourceTree = "<group>"; };
		9FF945792BF5FAC10067CC75 /* MainTabBarViewController.swift */ = {isa = PBXFileReference; lastKnownFileType = sourcecode.swift; path = MainTabBarViewController.swift; sourceTree = "<group>"; };
		D50D16C02BF868E900576777 /* BasketViewController.swift */ = {isa = PBXFileReference; lastKnownFileType = sourcecode.swift; path = BasketViewController.swift; sourceTree = "<group>"; };
		D50D16C52BF880BD00576777 /* EmptyBasketView.swift */ = {isa = PBXFileReference; lastKnownFileType = sourcecode.swift; path = EmptyBasketView.swift; sourceTree = "<group>"; };
		D562A2912BF8670900341DF8 /* ProductDetailView.swift */ = {isa = PBXFileReference; lastKnownFileType = sourcecode.swift; path = ProductDetailView.swift; sourceTree = "<group>"; };
		D59185F12BF8861C00F1904E /* MainScreen.swift */ = {isa = PBXFileReference; lastKnownFileType = sourcecode.swift; path = MainScreen.swift; sourceTree = "<group>"; };
		D5A3423A2BF7925700E3D2F2 /* ProductModel.swift */ = {isa = PBXFileReference; lastKnownFileType = sourcecode.swift; path = ProductModel.swift; sourceTree = "<group>"; };
		D5A3423D2BF7927300E3D2F2 /* Task+sleep.swift */ = {isa = PBXFileReference; lastKnownFileType = sourcecode.swift; path = "Task+sleep.swift"; sourceTree = "<group>"; };
		D5A342422BF7929700E3D2F2 /* MockedNetworkService.swift */ = {isa = PBXFileReference; lastKnownFileType = sourcecode.swift; path = MockedNetworkService.swift; sourceTree = "<group>"; };
		D5A342442BF792A800E3D2F2 /* NetworkService.swift */ = {isa = PBXFileReference; lastKnownFileType = sourcecode.swift; path = NetworkService.swift; sourceTree = "<group>"; };
		D5A342462BF792B400E3D2F2 /* NetworkServiceProtocol.swift */ = {isa = PBXFileReference; lastKnownFileType = sourcecode.swift; path = NetworkServiceProtocol.swift; sourceTree = "<group>"; };
		D5A342482BF792C200E3D2F2 /* ProductsService.swift */ = {isa = PBXFileReference; lastKnownFileType = sourcecode.swift; path = ProductsService.swift; sourceTree = "<group>"; };
		D5A3424A2BF792CE00E3D2F2 /* ProductsServiceProtocol.swift */ = {isa = PBXFileReference; lastKnownFileType = sourcecode.swift; path = ProductsServiceProtocol.swift; sourceTree = "<group>"; };
		D5A3424D2BF7932E00E3D2F2 /* Errors.swift */ = {isa = PBXFileReference; lastKnownFileType = sourcecode.swift; path = Errors.swift; sourceTree = "<group>"; };
		D5F876942BF795AE00601B55 /* ProductCellView.swift */ = {isa = PBXFileReference; lastKnownFileType = sourcecode.swift; path = ProductCellView.swift; sourceTree = "<group>"; };
/* End PBXFileReference section */

/* Begin PBXFrameworksBuildPhase section */
		9FDCCFDA2BF5F8DD00DA4EF7 /* Frameworks */ = {
			isa = PBXFrameworksBuildPhase;
			buildActionMask = 2147483647;
			files = (
			);
			runOnlyForDeploymentPostprocessing = 0;
		};
/* End PBXFrameworksBuildPhase section */

/* Begin PBXGroup section */
		9FDCCFD42BF5F8DD00DA4EF7 = {
			isa = PBXGroup;
			children = (
				9FDCCFDF2BF5F8DD00DA4EF7 /* ArbuzKZ */,
				9FDCCFDE2BF5F8DD00DA4EF7 /* Products */,
			);
			sourceTree = "<group>";
		};
		9FDCCFDE2BF5F8DD00DA4EF7 /* Products */ = {
			isa = PBXGroup;
			children = (
				9FDCCFDD2BF5F8DD00DA4EF7 /* ArbuzKZ.app */,
			);
			name = Products;
			sourceTree = "<group>";
		};
		9FDCCFDF2BF5F8DD00DA4EF7 /* ArbuzKZ */ = {
			isa = PBXGroup;
			children = (
				D59185F02BF8860F00F1904E /* MainScreen */,
				D50D16BF2BF868D400576777 /* BasketScreen */,
				D562A2902BF866FA00341DF8 /* ProductDetail */,
				D5F876932BF7959C00601B55 /* CommonUI */,
				D5F876922BF7959000601B55 /* Screens */,
				D5A3424C2BF7932000E3D2F2 /* Errors */,
				D5A3423F2BF7928500E3D2F2 /* Services */,
				D5A3423C2BF7926B00E3D2F2 /* Extension */,
				D5A342392BF7924800E3D2F2 /* Entities */,
				9FF9457E2BF6727D0067CC75 /* Mock */,
				9FDCCFE02BF5F8DD00DA4EF7 /* AppDelegate.swift */,
				9FDCCFE22BF5F8DD00DA4EF7 /* SceneDelegate.swift */,
				9FDCCFE92BF5F8DF00DA4EF7 /* Assets.xcassets */,
				9FDCCFEB2BF5F8DF00DA4EF7 /* LaunchScreen.storyboard */,
				9FDCCFEE2BF5F8DF00DA4EF7 /* Info.plist */,
				9FF945752BF5FAAA0067CC75 /* HomeView.swift */,
				9FF945772BF5FAB50067CC75 /* CartView.swift */,
				9FF945792BF5FAC10067CC75 /* MainTabBarViewController.swift */,
			);
			path = ArbuzKZ;
			sourceTree = "<group>";
		};
		9FF9457E2BF6727D0067CC75 /* Mock */ = {
			isa = PBXGroup;
			children = (
				9FEDA3CC2BF67446005BD612 /* Products.json */,
			);
			path = Mock;
			sourceTree = "<group>";
		};
		D50D16BF2BF868D400576777 /* BasketScreen */ = {
			isa = PBXGroup;
			children = (
				D50D16C02BF868E900576777 /* BasketViewController.swift */,
				D50D16C52BF880BD00576777 /* EmptyBasketView.swift */,
			);
			path = BasketScreen;
			sourceTree = "<group>";
		};
		D562A2902BF866FA00341DF8 /* ProductDetail */ = {
			isa = PBXGroup;
			children = (
				D562A2912BF8670900341DF8 /* ProductDetailView.swift */,
			);
			path = ProductDetail;
			sourceTree = "<group>";
		};
		D59185F02BF8860F00F1904E /* MainScreen */ = {
			isa = PBXGroup;
			children = (
				D59185F12BF8861C00F1904E /* MainScreen.swift */,
			);
			path = MainScreen;
			sourceTree = "<group>";
		};
		D5A342392BF7924800E3D2F2 /* Entities */ = {
			isa = PBXGroup;
			children = (
				D5A3423A2BF7925700E3D2F2 /* ProductModel.swift */,
			);
			path = Entities;
			sourceTree = "<group>";
		};
		D5A3423C2BF7926B00E3D2F2 /* Extension */ = {
			isa = PBXGroup;
			children = (
				D5A3423D2BF7927300E3D2F2 /* Task+sleep.swift */,
			);
			path = Extension;
			sourceTree = "<group>";
		};
		D5A3423F2BF7928500E3D2F2 /* Services */ = {
			isa = PBXGroup;
			children = (
				D5A342412BF7928E00E3D2F2 /* Network */,
				D5A342402BF7928900E3D2F2 /* Products */,
			);
			path = Services;
			sourceTree = "<group>";
		};
		D5A342402BF7928900E3D2F2 /* Products */ = {
			isa = PBXGroup;
			children = (
				D5A342482BF792C200E3D2F2 /* ProductsService.swift */,
				D5A3424A2BF792CE00E3D2F2 /* ProductsServiceProtocol.swift */,
			);
			path = Products;
			sourceTree = "<group>";
		};
		D5A342412BF7928E00E3D2F2 /* Network */ = {
			isa = PBXGroup;
			children = (
				D5A342422BF7929700E3D2F2 /* MockedNetworkService.swift */,
				D5A342442BF792A800E3D2F2 /* NetworkService.swift */,
				D5A342462BF792B400E3D2F2 /* NetworkServiceProtocol.swift */,
			);
			path = Network;
			sourceTree = "<group>";
		};
		D5A3424C2BF7932000E3D2F2 /* Errors */ = {
			isa = PBXGroup;
			children = (
				D5A3424D2BF7932E00E3D2F2 /* Errors.swift */,
			);
			path = Errors;
			sourceTree = "<group>";
		};
		D5F876922BF7959000601B55 /* Screens */ = {
			isa = PBXGroup;
			children = (
			);
			path = Screens;
			sourceTree = "<group>";
		};
		D5F876932BF7959C00601B55 /* CommonUI */ = {
			isa = PBXGroup;
			children = (
				D5F876942BF795AE00601B55 /* ProductCellView.swift */,
			);
			path = CommonUI;
			sourceTree = "<group>";
		};
/* End PBXGroup section */

/* Begin PBXNativeTarget section */
		9FDCCFDC2BF5F8DD00DA4EF7 /* ArbuzKZ */ = {
			isa = PBXNativeTarget;
			buildConfigurationList = 9FDCCFF12BF5F8DF00DA4EF7 /* Build configuration list for PBXNativeTarget "ArbuzKZ" */;
			buildPhases = (
				9FDCCFD92BF5F8DD00DA4EF7 /* Sources */,
				9FDCCFDA2BF5F8DD00DA4EF7 /* Frameworks */,
				9FDCCFDB2BF5F8DD00DA4EF7 /* Resources */,
			);
			buildRules = (
			);
			dependencies = (
			);
			name = ArbuzKZ;
			productName = ArbuzKZ;
			productReference = 9FDCCFDD2BF5F8DD00DA4EF7 /* ArbuzKZ.app */;
			productType = "com.apple.product-type.application";
		};
/* End PBXNativeTarget section */

/* Begin PBXProject section */
		9FDCCFD52BF5F8DD00DA4EF7 /* Project object */ = {
			isa = PBXProject;
			attributes = {
				BuildIndependentTargetsInParallel = 1;
				LastSwiftUpdateCheck = 1530;
				LastUpgradeCheck = 1530;
				TargetAttributes = {
					9FDCCFDC2BF5F8DD00DA4EF7 = {
						CreatedOnToolsVersion = 15.3;
					};
				};
			};
			buildConfigurationList = 9FDCCFD82BF5F8DD00DA4EF7 /* Build configuration list for PBXProject "ArbuzKZ" */;
			compatibilityVersion = "Xcode 14.0";
			developmentRegion = en;
			hasScannedForEncodings = 0;
			knownRegions = (
				en,
				Base,
			);
			mainGroup = 9FDCCFD42BF5F8DD00DA4EF7;
			productRefGroup = 9FDCCFDE2BF5F8DD00DA4EF7 /* Products */;
			projectDirPath = "";
			projectRoot = "";
			targets = (
				9FDCCFDC2BF5F8DD00DA4EF7 /* ArbuzKZ */,
			);
		};
/* End PBXProject section */

/* Begin PBXResourcesBuildPhase section */
		9FDCCFDB2BF5F8DD00DA4EF7 /* Resources */ = {
			isa = PBXResourcesBuildPhase;
			buildActionMask = 2147483647;
			files = (
				9FEDA3CD2BF67446005BD612 /* Products.json in Resources */,
				9FDCCFEA2BF5F8DF00DA4EF7 /* Assets.xcassets in Resources */,
				9FDCCFED2BF5F8DF00DA4EF7 /* Base in Resources */,
			);
			runOnlyForDeploymentPostprocessing = 0;
		};
/* End PBXResourcesBuildPhase section */

/* Begin PBXSourcesBuildPhase section */
		9FDCCFD92BF5F8DD00DA4EF7 /* Sources */ = {
			isa = PBXSourcesBuildPhase;
			buildActionMask = 2147483647;
			files = (
				D5F876952BF795AE00601B55 /* ProductCellView.swift in Sources */,
				9FF945782BF5FAB50067CC75 /* CartView.swift in Sources */,
				D5A3423B2BF7925700E3D2F2 /* ProductModel.swift in Sources */,
				9FF945762BF5FAAA0067CC75 /* HomeView.swift in Sources */,
				D5A342432BF7929700E3D2F2 /* MockedNetworkService.swift in Sources */,
				D5A342472BF792B400E3D2F2 /* NetworkServiceProtocol.swift in Sources */,
				D59185F22BF8861C00F1904E /* MainScreen.swift in Sources */,
				D5A342452BF792A800E3D2F2 /* NetworkService.swift in Sources */,
				D50D16C62BF880BD00576777 /* EmptyBasketView.swift in Sources */,
				9FF9457A2BF5FAC10067CC75 /* MainTabBarViewController.swift in Sources */,
				D5A3424E2BF7932E00E3D2F2 /* Errors.swift in Sources */,
				D5A3424B2BF792CE00E3D2F2 /* ProductsServiceProtocol.swift in Sources */,
				D5A3423E2BF7927300E3D2F2 /* Task+sleep.swift in Sources */,
				D562A2922BF8670900341DF8 /* ProductDetailView.swift in Sources */,
				9FDCCFE12BF5F8DD00DA4EF7 /* AppDelegate.swift in Sources */,
				9FDCCFE32BF5F8DD00DA4EF7 /* SceneDelegate.swift in Sources */,
				D50D16C12BF868E900576777 /* BasketViewController.swift in Sources */,
				D5A342492BF792C200E3D2F2 /* ProductsService.swift in Sources */,
			);
			runOnlyForDeploymentPostprocessing = 0;
		};
/* End PBXSourcesBuildPhase section */

/* Begin PBXVariantGroup section */
		9FDCCFEB2BF5F8DF00DA4EF7 /* LaunchScreen.storyboard */ = {
			isa = PBXVariantGroup;
			children = (
				9FDCCFEC2BF5F8DF00DA4EF7 /* Base */,
			);
			name = LaunchScreen.storyboard;
			sourceTree = "<group>";
		};
/* End PBXVariantGroup section */

/* Begin XCBuildConfiguration section */
		9FDCCFEF2BF5F8DF00DA4EF7 /* Debug */ = {
			isa = XCBuildConfiguration;
			buildSettings = {
				ALWAYS_SEARCH_USER_PATHS = NO;
				ASSETCATALOG_COMPILER_GENERATE_SWIFT_ASSET_SYMBOL_EXTENSIONS = YES;
				CLANG_ANALYZER_NONNULL = YES;
				CLANG_ANALYZER_NUMBER_OBJECT_CONVERSION = YES_AGGRESSIVE;
				CLANG_CXX_LANGUAGE_STANDARD = "gnu++20";
				CLANG_ENABLE_MODULES = YES;
				CLANG_ENABLE_OBJC_ARC = YES;
				CLANG_ENABLE_OBJC_WEAK = YES;
				CLANG_WARN_BLOCK_CAPTURE_AUTORELEASING = YES;
				CLANG_WARN_BOOL_CONVERSION = YES;
				CLANG_WARN_COMMA = YES;
				CLANG_WARN_CONSTANT_CONVERSION = YES;
				CLANG_WARN_DEPRECATED_OBJC_IMPLEMENTATIONS = YES;
				CLANG_WARN_DIRECT_OBJC_ISA_USAGE = YES_ERROR;
				CLANG_WARN_DOCUMENTATION_COMMENTS = YES;
				CLANG_WARN_EMPTY_BODY = YES;
				CLANG_WARN_ENUM_CONVERSION = YES;
				CLANG_WARN_INFINITE_RECURSION = YES;
				CLANG_WARN_INT_CONVERSION = YES;
				CLANG_WARN_NON_LITERAL_NULL_CONVERSION = YES;
				CLANG_WARN_OBJC_IMPLICIT_RETAIN_SELF = YES;
				CLANG_WARN_OBJC_LITERAL_CONVERSION = YES;
				CLANG_WARN_OBJC_ROOT_CLASS = YES_ERROR;
				CLANG_WARN_QUOTED_INCLUDE_IN_FRAMEWORK_HEADER = YES;
				CLANG_WARN_RANGE_LOOP_ANALYSIS = YES;
				CLANG_WARN_STRICT_PROTOTYPES = YES;
				CLANG_WARN_SUSPICIOUS_MOVE = YES;
				CLANG_WARN_UNGUARDED_AVAILABILITY = YES_AGGRESSIVE;
				CLANG_WARN_UNREACHABLE_CODE = YES;
				CLANG_WARN__DUPLICATE_METHOD_MATCH = YES;
				COPY_PHASE_STRIP = NO;
				DEBUG_INFORMATION_FORMAT = dwarf;
				ENABLE_STRICT_OBJC_MSGSEND = YES;
				ENABLE_TESTABILITY = YES;
				ENABLE_USER_SCRIPT_SANDBOXING = YES;
				GCC_C_LANGUAGE_STANDARD = gnu17;
				GCC_DYNAMIC_NO_PIC = NO;
				GCC_NO_COMMON_BLOCKS = YES;
				GCC_OPTIMIZATION_LEVEL = 0;
				GCC_PREPROCESSOR_DEFINITIONS = (
					"DEBUG=1",
					"$(inherited)",
				);
				GCC_WARN_64_TO_32_BIT_CONVERSION = YES;
				GCC_WARN_ABOUT_RETURN_TYPE = YES_ERROR;
				GCC_WARN_UNDECLARED_SELECTOR = YES;
				GCC_WARN_UNINITIALIZED_AUTOS = YES_AGGRESSIVE;
				GCC_WARN_UNUSED_FUNCTION = YES;
				GCC_WARN_UNUSED_VARIABLE = YES;
				IPHONEOS_DEPLOYMENT_TARGET = 17.4;
				LOCALIZATION_PREFERS_STRING_CATALOGS = YES;
				MTL_ENABLE_DEBUG_INFO = INCLUDE_SOURCE;
				MTL_FAST_MATH = YES;
				ONLY_ACTIVE_ARCH = YES;
				SDKROOT = iphoneos;
				SWIFT_ACTIVE_COMPILATION_CONDITIONS = "DEBUG $(inherited)";
				SWIFT_OPTIMIZATION_LEVEL = "-Onone";
			};
			name = Debug;
		};
		9FDCCFF02BF5F8DF00DA4EF7 /* Release */ = {
			isa = XCBuildConfiguration;
			buildSettings = {
				ALWAYS_SEARCH_USER_PATHS = NO;
				ASSETCATALOG_COMPILER_GENERATE_SWIFT_ASSET_SYMBOL_EXTENSIONS = YES;
				CLANG_ANALYZER_NONNULL = YES;
				CLANG_ANALYZER_NUMBER_OBJECT_CONVERSION = YES_AGGRESSIVE;
				CLANG_CXX_LANGUAGE_STANDARD = "gnu++20";
				CLANG_ENABLE_MODULES = YES;
				CLANG_ENABLE_OBJC_ARC = YES;
				CLANG_ENABLE_OBJC_WEAK = YES;
				CLANG_WARN_BLOCK_CAPTURE_AUTORELEASING = YES;
				CLANG_WARN_BOOL_CONVERSION = YES;
				CLANG_WARN_COMMA = YES;
				CLANG_WARN_CONSTANT_CONVERSION = YES;
				CLANG_WARN_DEPRECATED_OBJC_IMPLEMENTATIONS = YES;
				CLANG_WARN_DIRECT_OBJC_ISA_USAGE = YES_ERROR;
				CLANG_WARN_DOCUMENTATION_COMMENTS = YES;
				CLANG_WARN_EMPTY_BODY = YES;
				CLANG_WARN_ENUM_CONVERSION = YES;
				CLANG_WARN_INFINITE_RECURSION = YES;
				CLANG_WARN_INT_CONVERSION = YES;
				CLANG_WARN_NON_LITERAL_NULL_CONVERSION = YES;
				CLANG_WARN_OBJC_IMPLICIT_RETAIN_SELF = YES;
				CLANG_WARN_OBJC_LITERAL_CONVERSION = YES;
				CLANG_WARN_OBJC_ROOT_CLASS = YES_ERROR;
				CLANG_WARN_QUOTED_INCLUDE_IN_FRAMEWORK_HEADER = YES;
				CLANG_WARN_RANGE_LOOP_ANALYSIS = YES;
				CLANG_WARN_STRICT_PROTOTYPES = YES;
				CLANG_WARN_SUSPICIOUS_MOVE = YES;
				CLANG_WARN_UNGUARDED_AVAILABILITY = YES_AGGRESSIVE;
				CLANG_WARN_UNREACHABLE_CODE = YES;
				CLANG_WARN__DUPLICATE_METHOD_MATCH = YES;
				COPY_PHASE_STRIP = NO;
				DEBUG_INFORMATION_FORMAT = "dwarf-with-dsym";
				ENABLE_NS_ASSERTIONS = NO;
				ENABLE_STRICT_OBJC_MSGSEND = YES;
				ENABLE_USER_SCRIPT_SANDBOXING = YES;
				GCC_C_LANGUAGE_STANDARD = gnu17;
				GCC_NO_COMMON_BLOCKS = YES;
				GCC_WARN_64_TO_32_BIT_CONVERSION = YES;
				GCC_WARN_ABOUT_RETURN_TYPE = YES_ERROR;
				GCC_WARN_UNDECLARED_SELECTOR = YES;
				GCC_WARN_UNINITIALIZED_AUTOS = YES_AGGRESSIVE;
				GCC_WARN_UNUSED_FUNCTION = YES;
				GCC_WARN_UNUSED_VARIABLE = YES;
				IPHONEOS_DEPLOYMENT_TARGET = 17.4;
				LOCALIZATION_PREFERS_STRING_CATALOGS = YES;
				MTL_ENABLE_DEBUG_INFO = NO;
				MTL_FAST_MATH = YES;
				SDKROOT = iphoneos;
				SWIFT_COMPILATION_MODE = wholemodule;
				VALIDATE_PRODUCT = YES;
			};
			name = Release;
		};
		9FDCCFF22BF5F8DF00DA4EF7 /* Debug */ = {
			isa = XCBuildConfiguration;
			buildSettings = {
				ASSETCATALOG_COMPILER_APPICON_NAME = AppIcon;
				ASSETCATALOG_COMPILER_GLOBAL_ACCENT_COLOR_NAME = AccentColor;
				CODE_SIGN_STYLE = Automatic;
				CURRENT_PROJECT_VERSION = 1;
				DEVELOPMENT_TEAM = 6AZ6TUHC7X;
				GENERATE_INFOPLIST_FILE = YES;
				INFOPLIST_FILE = ArbuzKZ/Info.plist;
				INFOPLIST_KEY_UIApplicationSupportsIndirectInputEvents = YES;
				INFOPLIST_KEY_UILaunchStoryboardName = LaunchScreen;
				INFOPLIST_KEY_UISupportedInterfaceOrientations_iPad = "UIInterfaceOrientationPortrait UIInterfaceOrientationPortraitUpsideDown UIInterfaceOrientationLandscapeLeft UIInterfaceOrientationLandscapeRight";
				INFOPLIST_KEY_UISupportedInterfaceOrientations_iPhone = "UIInterfaceOrientationPortrait UIInterfaceOrientationLandscapeLeft UIInterfaceOrientationLandscapeRight";
				LD_RUNPATH_SEARCH_PATHS = (
					"$(inherited)",
					"@executable_path/Frameworks",
				);
				MARKETING_VERSION = 1.0;
				PRODUCT_BUNDLE_IDENTIFIER = kz.iosdeveloper.ArbuzKZ;
				PRODUCT_NAME = "$(TARGET_NAME)";
				SWIFT_EMIT_LOC_STRINGS = YES;
				SWIFT_VERSION = 5.0;
				TARGETED_DEVICE_FAMILY = "1,2";
			};
			name = Debug;
		};
		9FDCCFF32BF5F8DF00DA4EF7 /* Release */ = {
			isa = XCBuildConfiguration;
			buildSettings = {
				ASSETCATALOG_COMPILER_APPICON_NAME = AppIcon;
				ASSETCATALOG_COMPILER_GLOBAL_ACCENT_COLOR_NAME = AccentColor;
				CODE_SIGN_STYLE = Automatic;
				CURRENT_PROJECT_VERSION = 1;
				DEVELOPMENT_TEAM = 6AZ6TUHC7X;
				GENERATE_INFOPLIST_FILE = YES;
				INFOPLIST_FILE = ArbuzKZ/Info.plist;
				INFOPLIST_KEY_UIApplicationSupportsIndirectInputEvents = YES;
				INFOPLIST_KEY_UILaunchStoryboardName = LaunchScreen;
				INFOPLIST_KEY_UISupportedInterfaceOrientations_iPad = "UIInterfaceOrientationPortrait UIInterfaceOrientationPortraitUpsideDown UIInterfaceOrientationLandscapeLeft UIInterfaceOrientationLandscapeRight";
				INFOPLIST_KEY_UISupportedInterfaceOrientations_iPhone = "UIInterfaceOrientationPortrait UIInterfaceOrientationLandscapeLeft UIInterfaceOrientationLandscapeRight";
				LD_RUNPATH_SEARCH_PATHS = (
					"$(inherited)",
					"@executable_path/Frameworks",
				);
				MARKETING_VERSION = 1.0;
				PRODUCT_BUNDLE_IDENTIFIER = kz.iosdeveloper.ArbuzKZ;
				PRODUCT_NAME = "$(TARGET_NAME)";
				SWIFT_EMIT_LOC_STRINGS = YES;
				SWIFT_VERSION = 5.0;
				TARGETED_DEVICE_FAMILY = "1,2";
			};
			name = Release;
		};
/* End XCBuildConfiguration section */

/* Begin XCConfigurationList section */
		9FDCCFD82BF5F8DD00DA4EF7 /* Build configuration list for PBXProject "ArbuzKZ" */ = {
			isa = XCConfigurationList;
			buildConfigurations = (
				9FDCCFEF2BF5F8DF00DA4EF7 /* Debug */,
				9FDCCFF02BF5F8DF00DA4EF7 /* Release */,
			);
			defaultConfigurationIsVisible = 0;
			defaultConfigurationName = Release;
		};
		9FDCCFF12BF5F8DF00DA4EF7 /* Build configuration list for PBXNativeTarget "ArbuzKZ" */ = {
			isa = XCConfigurationList;
			buildConfigurations = (
				9FDCCFF22BF5F8DF00DA4EF7 /* Debug */,
				9FDCCFF32BF5F8DF00DA4EF7 /* Release */,
			);
			defaultConfigurationIsVisible = 0;
			defaultConfigurationName = Release;
		};
/* End XCConfigurationList section */
	};
	rootObject = 9FDCCFD52BF5F8DD00DA4EF7 /* Project object */;
}
